
Microsoft Visual Studio Solution File, Format Version 12.00
# Visual Studio Version 16
VisualStudioVersion = 16.0.30523.141
MinimumVisualStudioVersion = 10.0.40219.1
Project("{FAE04EC0-301F-11D3-BF4B-00C04F79EFBC}") = "lektionCalcTempSwitch", "lektionCalcTempSwitch\lektionCalcTempSwitch.csproj", "{A1665B54-3F7C-4E27-B5E5-261AE485DCB3}"
EndProject
Global
	GlobalSection(SolutionConfigurationPlatforms) = preSolution
		Debug|Any CPU = Debug|Any CPU
		Release|Any CPU = Release|Any CPU
	EndGlobalSection
	GlobalSection(ProjectConfigurationPlatforms) = postSolution
		{A1665B54-3F7C-4E27-B5E5-261AE485DCB3}.Debug|Any CPU.ActiveCfg = Debug|Any CPU
		{A1665B54-3F7C-4E27-B5E5-261AE485DCB3}.Debug|Any CPU.Build.0 = Debug|Any CPU
		{A1665B54-3F7C-4E27-B5E5-261AE485DCB3}.Release|Any CPU.ActiveCfg = Release|Any CPU
		{A1665B54-3F7C-4E27-B5E5-261AE485DCB3}.Release|Any CPU.Build.0 = Release|Any CPU
	EndGlobalSection
	GlobalSection(SolutionProperties) = preSolution
		HideSolutionNode = FALSE
	EndGlobalSection
	GlobalSection(ExtensibilityGlobals) = postSolution
		SolutionGuid = {C2B75674-43EC-4384-A5C8-E17EB8A29DD0}
	EndGlobalSection
EndGlobal
